<?xml version="1.0" encoding="utf-8"?>
<Project ToolsVersion="4.0" xmlns="http://schemas.microsoft.com/developer/msbuild/2003">
  <ItemGroup>
    <ClCompile Include="dllmain.cpp" />
  </ItemGroup>
  <ItemGroup>
    <Filter Include="SDK">
      <UniqueIdentifier>{16b1ca2d-c5c8-4f52-a1ec-440a5dc55a46}</UniqueIdentifier>
    </Filter>
    <Filter Include="SDK\m3d">
      <UniqueIdentifier>{7e0b5994-ac21-4c59-b0fa-ef8bd75a1fb2}</UniqueIdentifier>
    </Filter>
    <Filter Include="SDK\ai">
      <UniqueIdentifier>{dca66376-f029-4ac8-90f8-44ffcfe7b6aa}</UniqueIdentifier>
    </Filter>
    <Filter Include="Mod">
      <UniqueIdentifier>{faa02535-45b4-4b9a-9e7e-fd4c80fd5879}</UniqueIdentifier>
    </Filter>
    <Filter Include="Features">
      <UniqueIdentifier>{d2d5a690-77d4-4e23-ac3e-fdd711242998}</UniqueIdentifier>
    </Filter>
    <Filter Include="SDK\m3d\rend">
      <UniqueIdentifier>{85ed0f63-2ade-43da-be12-8314ab29008d}</UniqueIdentifier>
    </Filter>
    <Filter Include="SDK\m3d\cmn">
      <UniqueIdentifier>{8634c758-cfb4-4dca-b2cd-bc8317545d28}</UniqueIdentifier>
    </Filter>
  </ItemGroup>
  <ItemGroup>
    <ClInclude Include="CMiracle3d.h">
      <Filter>SDK</Filter>
    </ClInclude>
    <ClInclude Include="CStr.h">
      <Filter>SDK</Filter>
    </ClInclude>
    <ClInclude Include="CVector.h">
      <Filter>SDK</Filter>
    </ClInclude>
    <ClInclude Include="Quaternion.h">
      <Filter>SDK</Filter>
    </ClInclude>
    <ClInclude Include="TruxxUiManager.h">
      <Filter>SDK</Filter>
    </ClInclude>
    <ClInclude Include="WeaponGroupManager.h">
      <Filter>SDK</Filter>
    </ClInclude>
    <ClInclude Include="dMass.h">
      <Filter>SDK</Filter>
    </ClInclude>
    <ClInclude Include="Game.h">
      <Filter>SDK</Filter>
    </ClInclude>
    <ClInclude Include="AIParam.h">
      <Filter>SDK\m3d</Filter>
    </ClInclude>
    <ClInclude Include="Application.h">
      <Filter>SDK\m3d</Filter>
    </ClInclude>
    <ClInclude Include="CollisionInfo.h">
      <Filter>SDK\ai</Filter>
    </ClInclude>
    <ClInclude Include="ComplexPhysicObj.h">
      <Filter>SDK\ai</Filter>
    </ClInclude>
    <ClInclude Include="Component.h">
      <Filter>SDK\ai</Filter>
    </ClInclude>
    <ClInclude Include="DecalData.h">
      <Filter>SDK\m3d</Filter>
    </ClInclude>
    <ClInclude Include="GameImpulse.h">
      <Filter>SDK\m3d</Filter>
    </ClInclude>
    <ClInclude Include="Geom.h">
      <Filter>SDK\ai</Filter>
    </ClInclude>
    <ClInclude Include="GeometryInfo.h">
      <Filter>SDK\m3d</Filter>
    </ClInclude>
    <ClInclude Include="Gun.h">
      <Filter>SDK\ai</Filter>
    </ClInclude>
    <ClInclude Include="GeomTransform.h">
      <Filter>SDK\ai</Filter>
    </ClInclude>
    <ClInclude Include="Modifier.h">
      <Filter>SDK\ai</Filter>
    </ClInclude>
    <ClInclude Include="Numeric.h">
      <Filter>SDK\ai</Filter>
    </ClInclude>
    <ClInclude Include="NumericInRange.h">
      <Filter>SDK\ai</Filter>
    </ClInclude>
    <ClInclude Include="NumericInRangeRegenerating.h">
      <Filter>SDK\ai</Filter>
    </ClInclude>
    <ClInclude Include="Obj.h">
      <Filter>SDK\ai</Filter>
    </ClInclude>
    <ClInclude Include="Object.h">
      <Filter>SDK\m3d</Filter>
    </ClInclude>
    <ClInclude Include="PhysicBody.h">
      <Filter>SDK\ai</Filter>
    </ClInclude>
    <ClInclude Include="PhysicObj.h">
      <Filter>SDK\ai</Filter>
    </ClInclude>
    <ClInclude Include="Player.h">
      <Filter>SDK\ai</Filter>
    </ClInclude>
    <ClInclude Include="RefCountedBase.h">
      <Filter>SDK\m3d</Filter>
    </ClInclude>
    <ClInclude Include="SgNode.h">
      <Filter>SDK\m3d</Filter>
    </ClInclude>
    <ClInclude Include="Vehicle.h">
      <Filter>SDK\ai</Filter>
    </ClInclude>
    <ClInclude Include="VehiclePart.h">
      <Filter>SDK\ai</Filter>
    </ClInclude>
    <ClInclude Include="DragDropItemsWnd.h">
      <Filter>SDK</Filter>
    </ClInclude>
    <ClInclude Include="GeomRepositoryItem.h">
      <Filter>SDK\ai</Filter>
    </ClInclude>
    <ClInclude Include="IzvratRepository.h">
      <Filter>SDK\ai</Filter>
    </ClInclude>
    <ClInclude Include="GeomRepository.h">
      <Filter>SDK\ai</Filter>
    </ClInclude>
    <ClInclude Include="PrototypeManager.h">
      <Filter>SDK\ai</Filter>
    </ClInclude>
    <ClInclude Include="WareUse.h">
      <Filter>Features</Filter>
    </ClInclude>
    <ClInclude Include="GunRotation.h">
      <Filter>Features</Filter>
    </ClInclude>
    <ClInclude Include="DynamicScene.h">
      <Filter>SDK\ai</Filter>
    </ClInclude>
    <ClInclude Include="ObjContainer.h">
      <Filter>SDK\ai</Filter>
    </ClInclude>
    <ClInclude Include="Location.h">
      <Filter>SDK\ai</Filter>
    </ClInclude>
    <ClInclude Include="LocationDebug.h">
      <Filter>Features</Filter>
    </ClInclude>
    <ClInclude Include="SkinFixes.h">
      <Filter>Features</Filter>
    </ClInclude>
    <ClInclude Include="IRenderer.h">
      <Filter>SDK\m3d\rend</Filter>
    </ClInclude>
    <ClInclude Include="GunLights.h">
      <Filter>Features</Filter>
    </ClInclude>
    <ClInclude Include="ActionType.h">
      <Filter>SDK</Filter>
    </ClInclude>
    <ClInclude Include="Func.h">
      <Filter>SDK</Filter>
    </ClInclude>
    <ClInclude Include="Unmap.h">
      <Filter>SDK</Filter>
    </ClInclude>
    <ClInclude Include="Messages.h">
      <Filter>SDK</Filter>
    </ClInclude>
    <ClInclude Include="SgAnimatedModelNode.h">
      <Filter>SDK\m3d</Filter>
    </ClInclude>
    <ClInclude Include="Kernel.h">
      <Filter>SDK\m3d</Filter>
    </ClInclude>
    <ClInclude Include="EngineConfig.h">
      <Filter>SDK\m3d</Filter>
    </ClInclude>
    <ClInclude Include="StaticAutoGun.h">
      <Filter>SDK\ai</Filter>
    </ClInclude>
    <ClInclude Include="CClient.h">
      <Filter>SDK\m3d</Filter>
    </ClInclude>
    <ClInclude Include="WeatherManager.h">
      <Filter>SDK\m3d</Filter>
    </ClInclude>
    <ClInclude Include="CWorld.h">
      <Filter>SDK\m3d</Filter>
    </ClInclude>
    <ClInclude Include="BlastWave.h">
      <Filter>SDK\ai</Filter>
    </ClInclude>
    <ClInclude Include="BlastWaveDamageType.h">
      <Filter>Features</Filter>
    </ClInclude>
    <ClInclude Include="SimplePhysicObj.h">
      <Filter>SDK\ai</Filter>
    </ClInclude>
    <ClInclude Include="BlastWavePrototypeInfo.h">
      <Filter>SDK\ai</Filter>
    </ClInclude>
    <ClInclude Include="XmlNode.h">
      <Filter>SDK\m3d\cmn</Filter>
    </ClInclude>
    <ClInclude Include="SimplePhysicObjPrototypeInfo.h">
      <Filter>SDK\ai</Filter>
    </ClInclude>
    <ClInclude Include="PhysicObjPrototypeInfo.h">
      <Filter>SDK\ai</Filter>
    </ClInclude>
    <ClInclude Include="PrototypeInfo.h">
      <Filter>SDK\ai</Filter>
    </ClInclude>
    <ClInclude Include="DamageType.h">
      <Filter>SDK\ai</Filter>
    </ClInclude>
    <ClInclude Include="Basket.h">
      <Filter>SDK\ai</Filter>
    </ClInclude>
    <ClInclude Include="Cabin.h">
      <Filter>SDK\ai</Filter>
    </ClInclude>
    <ClInclude Include="VehiclePrototypeInfo.h">
      <Filter>SDK\ai</Filter>
    </ClInclude>
    <ClInclude Include="ComplexPhysicObjPrototypeInfo.h">
      <Filter>SDK\ai</Filter>
    </ClInclude>
    <ClInclude Include="ComplexPhysicObjPartDescription.h">
      <Filter>SDK\ai</Filter>
    </ClInclude>
    <ClInclude Include="Chassis.h">
      <Filter>SDK\ai</Filter>
    </ClInclude>
    <ClInclude Include="CardanFix.h">
      <Filter>Features</Filter>
    </ClInclude>
    <ClInclude Include="AnimInfo.h">
      <Filter>SDK\m3d</Filter>
    </ClInclude>
    <ClInclude Include="ObjContUpgrade.h">
      <Filter>Features</Filter>
    </ClInclude>
  </ItemGroup>
  <ItemGroup>
    <Text Include="..\mod\readme.txt">
      <Filter>Mod</Filter>
    </Text>
  </ItemGroup>
  <ItemGroup>
    <None Include="..\mod\scripts\VariousHacks.ini">
      <Filter>Mod</Filter>
    </None>
  </ItemGroup>
</Project>